
Microsoft Visual Studio Solution File, Format Version 12.00
# Visual Studio 14
VisualStudioVersion = 14.0.25123.0
MinimumVisualStudioVersion = 10.0.40219.1
Project("{2150E333-8FDC-42A3-9474-1A3956D46DE8}") = "Engine", "Engine", "{6FEE2C40-84D8-4926-A210-91455EDEE391}"
EndProject
Project("{2150E333-8FDC-42A3-9474-1A3956D46DE8}") = "Games", "Games", "{27F9306B-8619-4F85-A821-8CF0D36FE627}"
EndProject
Project("{8BC9CEB8-8B4A-11D0-8D11-00A0C91BC942}") = "UE4", "Intermediate\ProjectFiles\UE4.vcxproj", "{B1744FC5-06D9-4318-9C2A-4382D1ADC7BD}"
EndProject
Project("{8BC9CEB8-8B4A-11D0-8D11-00A0C91BC942}") = "BuildingEscape", "Intermediate\ProjectFiles\BuildingEscape.vcxproj", "{986D8ECE-7AEB-4A99-9043-65D3E23A216A}"
EndProject
Global
	GlobalSection(SolutionConfigurationPlatforms) = preSolution
		DebugGame Editor|HTML5 = DebugGame Editor|HTML5
		DebugGame Editor|Win32 = DebugGame Editor|Win32
		DebugGame Editor|Win64 = DebugGame Editor|Win64
		DebugGame|HTML5 = DebugGame|HTML5
		DebugGame|Win32 = DebugGame|Win32
		DebugGame|Win64 = DebugGame|Win64
		Development Editor|HTML5 = Development Editor|HTML5
		Development Editor|Win32 = Development Editor|Win32
		Development Editor|Win64 = Development Editor|Win64
		Development|HTML5 = Development|HTML5
		Development|Win32 = Development|Win32
		Development|Win64 = Development|Win64
		Shipping|HTML5 = Shipping|HTML5
		Shipping|Win32 = Shipping|Win32
		Shipping|Win64 = Shipping|Win64
	EndGlobalSection
	GlobalSection(ProjectConfigurationPlatforms) = postSolution
		{B1744FC5-06D9-4318-9C2A-4382D1ADC7BD}.DebugGame Editor|HTML5.ActiveCfg = BuiltWithUnrealBuildTool|Win32
		{B1744FC5-06D9-4318-9C2A-4382D1ADC7BD}.DebugGame Editor|HTML5.Build.0 = BuiltWithUnrealBuildTool|Win32
		{B1744FC5-06D9-4318-9C2A-4382D1ADC7BD}.DebugGame Editor|Win32.ActiveCfg = BuiltWithUnrealBuildTool|Win32
		{B1744FC5-06D9-4318-9C2A-4382D1ADC7BD}.DebugGame Editor|Win32.Build.0 = BuiltWithUnrealBuildTool|Win32
		{B1744FC5-06D9-4318-9C2A-4382D1ADC7BD}.DebugGame Editor|Win64.ActiveCfg = BuiltWithUnrealBuildTool|Win32
		{B1744FC5-06D9-4318-9C2A-4382D1ADC7BD}.DebugGame Editor|Win64.Build.0 = BuiltWithUnrealBuildTool|Win32
		{B1744FC5-06D9-4318-9C2A-4382D1ADC7BD}.DebugGame|HTML5.ActiveCfg = BuiltWithUnrealBuildTool|Win32
		{B1744FC5-06D9-4318-9C2A-4382D1ADC7BD}.DebugGame|HTML5.Build.0 = BuiltWithUnrealBuildTool|Win32
		{B1744FC5-06D9-4318-9C2A-4382D1ADC7BD}.DebugGame|Win32.ActiveCfg = BuiltWithUnrealBuildTool|Win32
		{B1744FC5-06D9-4318-9C2A-4382D1ADC7BD}.DebugGame|Win32.Build.0 = BuiltWithUnrealBuildTool|Win32
		{B1744FC5-06D9-4318-9C2A-4382D1ADC7BD}.DebugGame|Win64.ActiveCfg = BuiltWithUnrealBuildTool|Win32
		{B1744FC5-06D9-4318-9C2A-4382D1ADC7BD}.DebugGame|Win64.Build.0 = BuiltWithUnrealBuildTool|Win32
		{B1744FC5-06D9-4318-9C2A-4382D1ADC7BD}.Development Editor|HTML5.ActiveCfg = BuiltWithUnrealBuildTool|Win32
		{B1744FC5-06D9-4318-9C2A-4382D1ADC7BD}.Development Editor|HTML5.Build.0 = BuiltWithUnrealBuildTool|Win32
		{B1744FC5-06D9-4318-9C2A-4382D1ADC7BD}.Development Editor|Win32.ActiveCfg = BuiltWithUnrealBuildTool|Win32
		{B1744FC5-06D9-4318-9C2A-4382D1ADC7BD}.Development Editor|Win32.Build.0 = BuiltWithUnrealBuildTool|Win32
		{B1744FC5-06D9-4318-9C2A-4382D1ADC7BD}.Development Editor|Win64.ActiveCfg = BuiltWithUnrealBuildTool|Win32
		{B1744FC5-06D9-4318-9C2A-4382D1ADC7BD}.Development Editor|Win64.Build.0 = BuiltWithUnrealBuildTool|Win32
		{B1744FC5-06D9-4318-9C2A-4382D1ADC7BD}.Development|HTML5.ActiveCfg = BuiltWithUnrealBuildTool|Win32
		{B1744FC5-06D9-4318-9C2A-4382D1ADC7BD}.Development|HTML5.Build.0 = BuiltWithUnrealBuildTool|Win32
		{B1744FC5-06D9-4318-9C2A-4382D1ADC7BD}.Development|Win32.ActiveCfg = BuiltWithUnrealBuildTool|Win32
		{B1744FC5-06D9-4318-9C2A-4382D1ADC7BD}.Development|Win32.Build.0 = BuiltWithUnrealBuildTool|Win32
		{B1744FC5-06D9-4318-9C2A-4382D1ADC7BD}.Development|Win64.ActiveCfg = BuiltWithUnrealBuildTool|Win32
		{B1744FC5-06D9-4318-9C2A-4382D1ADC7BD}.Development|Win64.Build.0 = BuiltWithUnrealBuildTool|Win32
		{B1744FC5-06D9-4318-9C2A-4382D1ADC7BD}.Shipping|HTML5.ActiveCfg = BuiltWithUnrealBuildTool|Win32
		{B1744FC5-06D9-4318-9C2A-4382D1ADC7BD}.Shipping|HTML5.Build.0 = BuiltWithUnrealBuildTool|Win32
		{B1744FC5-06D9-4318-9C2A-4382D1ADC7BD}.Shipping|Win32.ActiveCfg = BuiltWithUnrealBuildTool|Win32
		{B1744FC5-06D9-4318-9C2A-4382D1ADC7BD}.Shipping|Win32.Build.0 = BuiltWithUnrealBuildTool|Win32
		{B1744FC5-06D9-4318-9C2A-4382D1ADC7BD}.Shipping|Win64.ActiveCfg = BuiltWithUnrealBuildTool|Win32
		{B1744FC5-06D9-4318-9C2A-4382D1ADC7BD}.Shipping|Win64.Build.0 = BuiltWithUnrealBuildTool|Win32
		{986D8ECE-7AEB-4A99-9043-65D3E23A216A}.DebugGame Editor|HTML5.ActiveCfg = HTML5_DebugGame_Editor|Win32
		{986D8ECE-7AEB-4A99-9043-65D3E23A216A}.DebugGame Editor|Win32.ActiveCfg = DebugGame_Editor|Win32
		{986D8ECE-7AEB-4A99-9043-65D3E23A216A}.DebugGame Editor|Win64.ActiveCfg = DebugGame_Editor|x64
		{986D8ECE-7AEB-4A99-9043-65D3E23A216A}.DebugGame Editor|Win64.Build.0 = DebugGame_Editor|x64
		{986D8ECE-7AEB-4A99-9043-65D3E23A216A}.DebugGame|HTML5.ActiveCfg = HTML5_DebugGame_Game|Win32
		{986D8ECE-7AEB-4A99-9043-65D3E23A216A}.DebugGame|HTML5.Build.0 = HTML5_DebugGame_Game|Win32
		{986D8ECE-7AEB-4A99-9043-65D3E23A216A}.DebugGame|Win32.ActiveCfg = DebugGame_Game|Win32
		{986D8ECE-7AEB-4A99-9043-65D3E23A216A}.DebugGame|Win32.Build.0 = DebugGame_Game|Win32
		{986D8ECE-7AEB-4A99-9043-65D3E23A216A}.DebugGame|Win64.ActiveCfg = DebugGame_Game|x64
		{986D8ECE-7AEB-4A99-9043-65D3E23A216A}.DebugGame|Win64.Build.0 = DebugGame_Game|x64
		{986D8ECE-7AEB-4A99-9043-65D3E23A216A}.Development Editor|HTML5.ActiveCfg = HTML5_Development_Editor|Win32
		{986D8ECE-7AEB-4A99-9043-65D3E23A216A}.Development Editor|Win32.ActiveCfg = Development_Editor|Win32
		{986D8ECE-7AEB-4A99-9043-65D3E23A216A}.Development Editor|Win64.ActiveCfg = Development_Editor|x64
		{986D8ECE-7AEB-4A99-9043-65D3E23A216A}.Development Editor|Win64.Build.0 = Development_Editor|x64
		{986D8ECE-7AEB-4A99-9043-65D3E23A216A}.Development|HTML5.ActiveCfg = HTML5_Development_Game|Win32
		{986D8ECE-7AEB-4A99-9043-65D3E23A216A}.Development|HTML5.Build.0 = HTML5_Development_Game|Win32
		{986D8ECE-7AEB-4A99-9043-65D3E23A216A}.Development|Win32.ActiveCfg = Development_Game|Win32
		{986D8ECE-7AEB-4A99-9043-65D3E23A216A}.Development|Win32.Build.0 = Development_Game|Win32
		{986D8ECE-7AEB-4A99-9043-65D3E23A216A}.Development|Win64.ActiveCfg = Development_Game|x64
		{986D8ECE-7AEB-4A99-9043-65D3E23A216A}.Development|Win64.Build.0 = Development_Game|x64
		{986D8ECE-7AEB-4A99-9043-65D3E23A216A}.Shipping|HTML5.ActiveCfg = HTML5_Shipping_Game|Win32
		{986D8ECE-7AEB-4A99-9043-65D3E23A216A}.Shipping|HTML5.Build.0 = HTML5_Shipping_Game|Win32
		{986D8ECE-7AEB-4A99-9043-65D3E23A216A}.Shipping|Win32.ActiveCfg = Shipping_Game|Win32
		{986D8ECE-7AEB-4A99-9043-65D3E23A216A}.Shipping|Win32.Build.0 = Shipping_Game|Win32
		{986D8ECE-7AEB-4A99-9043-65D3E23A216A}.Shipping|Win64.ActiveCfg = Shipping_Game|x64
		{986D8ECE-7AEB-4A99-9043-65D3E23A216A}.Shipping|Win64.Build.0 = Shipping_Game|x64
	EndGlobalSection
	GlobalSection(SolutionProperties) = preSolution
		HideSolutionNode = FALSE
	EndGlobalSection
	GlobalSection(NestedProjects) = preSolution
		{B1744FC5-06D9-4318-9C2A-4382D1ADC7BD} = {6FEE2C40-84D8-4926-A210-91455EDEE391}
		{986D8ECE-7AEB-4A99-9043-65D3E23A216A} = {27F9306B-8619-4F85-A821-8CF0D36FE627}
	EndGlobalSection
EndGlobal
